
Microsoft Visual Studio Solution File, Format Version 12.00
# Visual Studio Version 16
VisualStudioVersion = 16.0.29418.71
MinimumVisualStudioVersion = 10.0.40219.1
Project("{FAE04EC0-301F-11D3-BF4B-00C04F79EFBC}") = "KMLmaker", "KMLmaker.csproj", "{91C9CB2B-F4DD-4644-B3D0-01D1A706616A}"
EndProject
Global
	GlobalSection(SolutionConfigurationPlatforms) = preSolution
		Debug|Any CPU = Debug|Any CPU
		Release|Any CPU = Release|Any CPU
	EndGlobalSection
	GlobalSection(ProjectConfigurationPlatforms) = postSolution
		{91C9CB2B-F4DD-4644-B3D0-01D1A706616A}.Debug|Any CPU.ActiveCfg = Debug|Any CPU
		{91C9CB2B-F4DD-4644-B3D0-01D1A706616A}.Debug|Any CPU.Build.0 = Debug|Any CPU
		{91C9CB2B-F4DD-4644-B3D0-01D1A706616A}.Release|Any CPU.ActiveCfg = Release|Any CPU
		{91C9CB2B-F4DD-4644-B3D0-01D1A706616A}.Release|Any CPU.Build.0 = Release|Any CPU
	EndGlobalSection
	GlobalSection(SolutionProperties) = preSolution
		HideSolutionNode = FALSE
	EndGlobalSection
	GlobalSection(ExtensibilityGlobals) = postSolution
		SolutionGuid = {276D2CC2-4D9A-43D4-A7BB-C3571C24A317}
	EndGlobalSection
EndGlobal
