
Microsoft Visual Studio Solution File, Format Version 12.00
# Visual Studio Version 16
VisualStudioVersion = 16.0.29418.71
MinimumVisualStudioVersion = 10.0.40219.1
Project("{FAE04EC0-301F-11D3-BF4B-00C04F79EFBC}") = "LID_WinForm", "LID_WinForm\LID_WinForm.csproj", "{EAD17BF0-4599-4295-9801-D4F6C542F978}"
EndProject
Project("{9A19103F-16F7-4668-BE54-9A1E7A4F7556}") = "LID_WebApp", "LID_WebApp\LID_WebApp.csproj", "{A419212C-6CD6-417C-A5B0-1FEF0FA38DDE}"
EndProject
Project("{FAE04EC0-301F-11D3-BF4B-00C04F79EFBC}") = "LID_ClassLibrary", "LID_ClassLibrary\LID_ClassLibrary.csproj", "{20A0F705-96D6-47E0-818B-A6B5BDBD6860}"
EndProject
Project("{FAE04EC0-301F-11D3-BF4B-00C04F79EFBC}") = "TestCLI", "TestCLI\TestCLI.csproj", "{FFD18664-AA51-4483-A583-CBB06B1348D1}"
EndProject
Project("{FAE04EC0-301F-11D3-BF4B-00C04F79EFBC}") = "LID_CLI", "LID_CLI\LID_CLI.csproj", "{3D0B3900-BA98-4863-8A95-742EE4A28DB7}"
EndProject
Global
	GlobalSection(SolutionConfigurationPlatforms) = preSolution
		Debug|Any CPU = Debug|Any CPU
		Release|Any CPU = Release|Any CPU
	EndGlobalSection
	GlobalSection(ProjectConfigurationPlatforms) = postSolution
		{EAD17BF0-4599-4295-9801-D4F6C542F978}.Debug|Any CPU.ActiveCfg = Debug|Any CPU
		{EAD17BF0-4599-4295-9801-D4F6C542F978}.Debug|Any CPU.Build.0 = Debug|Any CPU
		{EAD17BF0-4599-4295-9801-D4F6C542F978}.Release|Any CPU.ActiveCfg = Release|Any CPU
		{EAD17BF0-4599-4295-9801-D4F6C542F978}.Release|Any CPU.Build.0 = Release|Any CPU
		{A419212C-6CD6-417C-A5B0-1FEF0FA38DDE}.Debug|Any CPU.ActiveCfg = Debug|Any CPU
		{A419212C-6CD6-417C-A5B0-1FEF0FA38DDE}.Debug|Any CPU.Build.0 = Debug|Any CPU
		{A419212C-6CD6-417C-A5B0-1FEF0FA38DDE}.Release|Any CPU.ActiveCfg = Release|Any CPU
		{A419212C-6CD6-417C-A5B0-1FEF0FA38DDE}.Release|Any CPU.Build.0 = Release|Any CPU
		{20A0F705-96D6-47E0-818B-A6B5BDBD6860}.Debug|Any CPU.ActiveCfg = Debug|Any CPU
		{20A0F705-96D6-47E0-818B-A6B5BDBD6860}.Debug|Any CPU.Build.0 = Debug|Any CPU
		{20A0F705-96D6-47E0-818B-A6B5BDBD6860}.Release|Any CPU.ActiveCfg = Release|Any CPU
		{20A0F705-96D6-47E0-818B-A6B5BDBD6860}.Release|Any CPU.Build.0 = Release|Any CPU
		{FFD18664-AA51-4483-A583-CBB06B1348D1}.Debug|Any CPU.ActiveCfg = Debug|Any CPU
		{FFD18664-AA51-4483-A583-CBB06B1348D1}.Debug|Any CPU.Build.0 = Debug|Any CPU
		{FFD18664-AA51-4483-A583-CBB06B1348D1}.Release|Any CPU.ActiveCfg = Release|Any CPU
		{FFD18664-AA51-4483-A583-CBB06B1348D1}.Release|Any CPU.Build.0 = Release|Any CPU
		{3D0B3900-BA98-4863-8A95-742EE4A28DB7}.Debug|Any CPU.ActiveCfg = Debug|Any CPU
		{3D0B3900-BA98-4863-8A95-742EE4A28DB7}.Debug|Any CPU.Build.0 = Debug|Any CPU
		{3D0B3900-BA98-4863-8A95-742EE4A28DB7}.Release|Any CPU.ActiveCfg = Release|Any CPU
		{3D0B3900-BA98-4863-8A95-742EE4A28DB7}.Release|Any CPU.Build.0 = Release|Any CPU
	EndGlobalSection
	GlobalSection(SolutionProperties) = preSolution
		HideSolutionNode = FALSE
	EndGlobalSection
	GlobalSection(ExtensibilityGlobals) = postSolution
		SolutionGuid = {D5BDEAE8-572B-4ACB-90D8-D03AEE8DA992}
	EndGlobalSection
EndGlobal
